
Microsoft Visual Studio Solution File, Format Version 12.00
# Visual Studio Version 17
VisualStudioVersion = 17.7.34003.232
MinimumVisualStudioVersion = 10.0.40219.1
Project("{FAE04EC0-301F-11D3-BF4B-00C04F79EFBC}") = "RandomNumberGuesser2", "RandomNumberGuesser2\RandomNumberGuesser2.csproj", "{B3A2DC9C-662D-42C8-B781-A87EEF4DE329}"
EndProject
Global
	GlobalSection(SolutionConfigurationPlatforms) = preSolution
		Debug|Any CPU = Debug|Any CPU
		Release|Any CPU = Release|Any CPU
	EndGlobalSection
	GlobalSection(ProjectConfigurationPlatforms) = postSolution
		{B3A2DC9C-662D-42C8-B781-A87EEF4DE329}.Debug|Any CPU.ActiveCfg = Debug|Any CPU
		{B3A2DC9C-662D-42C8-B781-A87EEF4DE329}.Debug|Any CPU.Build.0 = Debug|Any CPU
		{B3A2DC9C-662D-42C8-B781-A87EEF4DE329}.Release|Any CPU.ActiveCfg = Release|Any CPU
		{B3A2DC9C-662D-42C8-B781-A87EEF4DE329}.Release|Any CPU.Build.0 = Release|Any CPU
	EndGlobalSection
	GlobalSection(SolutionProperties) = preSolution
		HideSolutionNode = FALSE
	EndGlobalSection
	GlobalSection(ExtensibilityGlobals) = postSolution
		SolutionGuid = {252621B3-DAB8-45D9-A494-B169224E8D61}
	EndGlobalSection
EndGlobal
